{
  "name": "phase-4-deploying-app-demo",
  "lockfileVersion": 2,
  "requires": true,
  "packages": {
    "": {
      "name": "phase-4-deploying-app-demo",
      "dependencies": {
        "@rails/actioncable": "^7.0.5",
        "prefix": "^1.0.0"
      },
      "engines": {
        "node": "16.x"
      }
    },
    "node_modules/@rails/actioncable": {
      "version": "7.0.5",
      "resolved": "https://registry.npmjs.org/@rails/actioncable/-/actioncable-7.0.5.tgz",
      "integrity": "sha512-SOBA2heB9lTw0VYIx8M/ed7inSf4I9sR8OIlJprhgkfQ3WJtrxPJ6DDATR1Z3RYaIR7HlT2Olj08v1lfGIGuHA=="
    },
    "node_modules/prefix": {
      "version": "1.0.0",
      "resolved": "https://registry.npmjs.org/prefix/-/prefix-1.0.0.tgz",
      "integrity": "sha512-KtGt8TV4nQkYgO6wJ5phkBGAECZW5cs5vQhqnz1LlxGGd8y4LwpW3Bq5pofULjdiMXACDCxisDUhwtFXb7vHfQ=="
    }
  },
  "dependencies": {
    "@rails/actioncable": {
      "version": "7.0.5",
      "resolved": "https://registry.npmjs.org/@rails/actioncable/-/actioncable-7.0.5.tgz",
      "integrity": "sha512-SOBA2heB9lTw0VYIx8M/ed7inSf4I9sR8OIlJprhgkfQ3WJtrxPJ6DDATR1Z3RYaIR7HlT2Olj08v1lfGIGuHA=="
    },
    "prefix": {
      "version": "1.0.0",
      "resolved": "https://registry.npmjs.org/prefix/-/prefix-1.0.0.tgz",
      "integrity": "sha512-KtGt8TV4nQkYgO6wJ5phkBGAECZW5cs5vQhqnz1LlxGGd8y4LwpW3Bq5pofULjdiMXACDCxisDUhwtFXb7vHfQ=="
    }
  }
}
